
Microsoft Visual Studio Solution File, Format Version 12.00
# Visual Studio Version 17
VisualStudioVersion = 17.0.31903.59
MinimumVisualStudioVersion = 10.0.40219.1
Project("{FAE04EC0-301F-11D3-BF4B-00C04F79EFBC}") = "KataDiamond", "KataDiamond\KataDiamond.csproj", "{6212DC5F-0D87-402C-BE80-4378E19B9670}"
EndProject
Project("{FAE04EC0-301F-11D3-BF4B-00C04F79EFBC}") = "KataDiamond.UnitTests", "KataDiamond.UnitTests\KataDiamond.UnitTests.csproj", "{41000A39-6647-4336-BF1B-D1AF6C5F9411}"
EndProject
Project("{2150E333-8FDC-42A3-9474-1A3956D46DE8}") = "SolutionFiles", "SolutionFiles", "{EAA5AB30-A3E0-4D2D-AC33-EBCECB966689}"
	ProjectSection(SolutionItems) = preProject
		.gitignore = .gitignore
		global.json = global.json
		README.md = README.md
	EndProjectSection
EndProject
Global
	GlobalSection(SolutionConfigurationPlatforms) = preSolution
		Debug|Any CPU = Debug|Any CPU
		Release|Any CPU = Release|Any CPU
	EndGlobalSection
	GlobalSection(SolutionProperties) = preSolution
		HideSolutionNode = FALSE
	EndGlobalSection
	GlobalSection(ProjectConfigurationPlatforms) = postSolution
		{6212DC5F-0D87-402C-BE80-4378E19B9670}.Debug|Any CPU.ActiveCfg = Debug|Any CPU
		{6212DC5F-0D87-402C-BE80-4378E19B9670}.Debug|Any CPU.Build.0 = Debug|Any CPU
		{6212DC5F-0D87-402C-BE80-4378E19B9670}.Release|Any CPU.ActiveCfg = Release|Any CPU
		{6212DC5F-0D87-402C-BE80-4378E19B9670}.Release|Any CPU.Build.0 = Release|Any CPU
		{41000A39-6647-4336-BF1B-D1AF6C5F9411}.Debug|Any CPU.ActiveCfg = Debug|Any CPU
		{41000A39-6647-4336-BF1B-D1AF6C5F9411}.Debug|Any CPU.Build.0 = Debug|Any CPU
		{41000A39-6647-4336-BF1B-D1AF6C5F9411}.Release|Any CPU.ActiveCfg = Release|Any CPU
		{41000A39-6647-4336-BF1B-D1AF6C5F9411}.Release|Any CPU.Build.0 = Release|Any CPU
	EndGlobalSection
EndGlobal
